<?xml version="1.0" encoding="utf-8"?>
<Project ToolsVersion="4.0" xmlns="http://schemas.microsoft.com/developer/msbuild/2003">
  <ItemGroup>
    <CudaCompile Include="..\KNN Disk Disk SPP+ - double (pinned)\kernel.cu">
      <Filter>KNN Disk Disk SPP+ - double %28pinned%29</Filter>
    </CudaCompile>
  </ItemGroup>
  <ItemGroup>
    <Filter Include="KNN Disk Disk SPP+ - double %28pinned%29">
      <UniqueIdentifier>{8db4bc64-cb6c-44cf-8b34-959f93eff15d}</UniqueIdentifier>
    </Filter>
  </ItemGroup>
</Project>